
Microsoft Visual Studio Solution File, Format Version 12.00
# Visual Studio Version 17
VisualStudioVersion = 17.0.32014.148
MinimumVisualStudioVersion = 10.0.40219.1
Project("{FAE04EC0-301F-11D3-BF4B-00C04F79EFBC}") = "VPortal.App", "src\VPortal.App\VPortal.App.csproj", "{FD893CA6-0DBF-4CD1-ADF2-AADC45DEBC02}"
EndProject
Project("{FAE04EC0-301F-11D3-BF4B-00C04F79EFBC}") = "VPortal.Business", "src\VPortal.Business\VPortal.Business.csproj", "{0264E2C6-3052-4183-B3E8-666A08694EF0}"
EndProject
Project("{FAE04EC0-301F-11D3-BF4B-00C04F79EFBC}") = "VPortal.Data", "src\VPortal.Data\VPortal.Data.csproj", "{EEF5FA63-0071-4491-9AC8-35AC14D763B3}"
EndProject
Global
	GlobalSection(SolutionConfigurationPlatforms) = preSolution
		Debug|Any CPU = Debug|Any CPU
		Release|Any CPU = Release|Any CPU
	EndGlobalSection
	GlobalSection(ProjectConfigurationPlatforms) = postSolution
		{FD893CA6-0DBF-4CD1-ADF2-AADC45DEBC02}.Debug|Any CPU.ActiveCfg = Debug|Any CPU
		{FD893CA6-0DBF-4CD1-ADF2-AADC45DEBC02}.Debug|Any CPU.Build.0 = Debug|Any CPU
		{FD893CA6-0DBF-4CD1-ADF2-AADC45DEBC02}.Release|Any CPU.ActiveCfg = Release|Any CPU
		{FD893CA6-0DBF-4CD1-ADF2-AADC45DEBC02}.Release|Any CPU.Build.0 = Release|Any CPU
		{0264E2C6-3052-4183-B3E8-666A08694EF0}.Debug|Any CPU.ActiveCfg = Debug|Any CPU
		{0264E2C6-3052-4183-B3E8-666A08694EF0}.Debug|Any CPU.Build.0 = Debug|Any CPU
		{0264E2C6-3052-4183-B3E8-666A08694EF0}.Release|Any CPU.ActiveCfg = Release|Any CPU
		{0264E2C6-3052-4183-B3E8-666A08694EF0}.Release|Any CPU.Build.0 = Release|Any CPU
		{EEF5FA63-0071-4491-9AC8-35AC14D763B3}.Debug|Any CPU.ActiveCfg = Debug|Any CPU
		{EEF5FA63-0071-4491-9AC8-35AC14D763B3}.Debug|Any CPU.Build.0 = Debug|Any CPU
		{EEF5FA63-0071-4491-9AC8-35AC14D763B3}.Release|Any CPU.ActiveCfg = Release|Any CPU
		{EEF5FA63-0071-4491-9AC8-35AC14D763B3}.Release|Any CPU.Build.0 = Release|Any CPU
	EndGlobalSection
	GlobalSection(SolutionProperties) = preSolution
		HideSolutionNode = FALSE
	EndGlobalSection
	GlobalSection(ExtensibilityGlobals) = postSolution
		SolutionGuid = {17D5CF29-A93D-46BD-9454-4FD4F0EE9C23}
	EndGlobalSection
EndGlobal
